
Microsoft Visual Studio Solution File, Format Version 12.00
# Visual Studio Version 16
VisualStudioVersion = 16.0.29230.47
MinimumVisualStudioVersion = 10.0.40219.1
Project("{9A19103F-16F7-4668-BE54-9A1E7A4F7556}") = "Gardenalogue.Web", "Gardenalogue\Gardenalogue.Web.csproj", "{CFF22A80-FA3D-4BBE-B914-7D6C6AAAB1FF}"
EndProject
Project("{2150E333-8FDC-42A3-9474-1A3956D46DE8}") = "Solution Items", "Solution Items", "{53761292-033F-4179-AD6E-FADC79F51F8A}"
	ProjectSection(SolutionItems) = preProject
		appveyor.yml = appveyor.yml
	EndProjectSection
EndProject
Global
	GlobalSection(SolutionConfigurationPlatforms) = preSolution
		Debug|Any CPU = Debug|Any CPU
		Release|Any CPU = Release|Any CPU
	EndGlobalSection
	GlobalSection(ProjectConfigurationPlatforms) = postSolution
		{CFF22A80-FA3D-4BBE-B914-7D6C6AAAB1FF}.Debug|Any CPU.ActiveCfg = Debug|Any CPU
		{CFF22A80-FA3D-4BBE-B914-7D6C6AAAB1FF}.Debug|Any CPU.Build.0 = Debug|Any CPU
		{CFF22A80-FA3D-4BBE-B914-7D6C6AAAB1FF}.Release|Any CPU.ActiveCfg = Release|Any CPU
		{CFF22A80-FA3D-4BBE-B914-7D6C6AAAB1FF}.Release|Any CPU.Build.0 = Release|Any CPU
	EndGlobalSection
	GlobalSection(SolutionProperties) = preSolution
		HideSolutionNode = FALSE
	EndGlobalSection
	GlobalSection(ExtensibilityGlobals) = postSolution
		SolutionGuid = {CDB355D6-FAA2-436E-9FAD-42498BF6CB84}
	EndGlobalSection
EndGlobal
